
Microsoft Visual Studio Solution File, Format Version 12.00
# Visual Studio Version 17
VisualStudioVersion = 17.11.35303.130
MinimumVisualStudioVersion = 10.0.40219.1
Project("{FAE04EC0-301F-11D3-BF4B-00C04F79EFBC}") = "tsv", "tsv\tsv.csproj", "{9E11A371-2D40-4F8D-A9A3-A70046C903C6}"
EndProject
Global
	GlobalSection(SolutionConfigurationPlatforms) = preSolution
		Debug|Any CPU = Debug|Any CPU
		Release|Any CPU = Release|Any CPU
	EndGlobalSection
	GlobalSection(ProjectConfigurationPlatforms) = postSolution
		{9E11A371-2D40-4F8D-A9A3-A70046C903C6}.Debug|Any CPU.ActiveCfg = Debug|Any CPU
		{9E11A371-2D40-4F8D-A9A3-A70046C903C6}.Debug|Any CPU.Build.0 = Debug|Any CPU
		{9E11A371-2D40-4F8D-A9A3-A70046C903C6}.Release|Any CPU.ActiveCfg = Release|Any CPU
		{9E11A371-2D40-4F8D-A9A3-A70046C903C6}.Release|Any CPU.Build.0 = Release|Any CPU
	EndGlobalSection
	GlobalSection(SolutionProperties) = preSolution
		HideSolutionNode = FALSE
	EndGlobalSection
	GlobalSection(ExtensibilityGlobals) = postSolution
		SolutionGuid = {46CFB760-B42D-44FD-B4C7-75B27FAA937E}
	EndGlobalSection
EndGlobal
